
Microsoft Visual Studio Solution File, Format Version 12.00
# Visual Studio Version 17
VisualStudioVersion = 17.14.36623.8
MinimumVisualStudioVersion = 10.0.40219.1
Project("{FAE04EC0-301F-11D3-BF4B-00C04F79EFBC}") = "Wpm.Management.Api", "Wpm.Management.Api\Wpm.Management.Api.csproj", "{705BAAA6-9730-4E53-97FC-4EFC3D293156}"
EndProject
Project("{FAE04EC0-301F-11D3-BF4B-00C04F79EFBC}") = "Wpm.Clinic", "Wpm.Clinic\Wpm.Clinic.csproj", "{641B6DBA-9A72-475D-8FD2-C7520B0196ED}"
EndProject
Global
	GlobalSection(SolutionConfigurationPlatforms) = preSolution
		Debug|Any CPU = Debug|Any CPU
		Release|Any CPU = Release|Any CPU
	EndGlobalSection
	GlobalSection(ProjectConfigurationPlatforms) = postSolution
		{705BAAA6-9730-4E53-97FC-4EFC3D293156}.Debug|Any CPU.ActiveCfg = Debug|Any CPU
		{705BAAA6-9730-4E53-97FC-4EFC3D293156}.Debug|Any CPU.Build.0 = Debug|Any CPU
		{705BAAA6-9730-4E53-97FC-4EFC3D293156}.Release|Any CPU.ActiveCfg = Release|Any CPU
		{705BAAA6-9730-4E53-97FC-4EFC3D293156}.Release|Any CPU.Build.0 = Release|Any CPU
		{641B6DBA-9A72-475D-8FD2-C7520B0196ED}.Debug|Any CPU.ActiveCfg = Debug|Any CPU
		{641B6DBA-9A72-475D-8FD2-C7520B0196ED}.Debug|Any CPU.Build.0 = Debug|Any CPU
		{641B6DBA-9A72-475D-8FD2-C7520B0196ED}.Release|Any CPU.ActiveCfg = Release|Any CPU
		{641B6DBA-9A72-475D-8FD2-C7520B0196ED}.Release|Any CPU.Build.0 = Release|Any CPU
	EndGlobalSection
	GlobalSection(SolutionProperties) = preSolution
		HideSolutionNode = FALSE
	EndGlobalSection
	GlobalSection(ExtensibilityGlobals) = postSolution
		SolutionGuid = {328803BB-A76D-494E-B771-48D2E21D41BF}
	EndGlobalSection
EndGlobal
